
Microsoft Visual Studio Solution File, Format Version 12.00
# Visual Studio Version 16
VisualStudioVersion = 16.0.31702.278
MinimumVisualStudioVersion = 10.0.40219.1
Project("{FAE04EC0-301F-11D3-BF4B-00C04F79EFBC}") = "Hello", "Hello\Hello.csproj", "{DD81FA27-EC25-4229-88F2-79BC98ABAACE}"
EndProject
Project("{FAE04EC0-301F-11D3-BF4B-00C04F79EFBC}") = "Kalkulátor", "Kalkulátor\Kalkulátor.csproj", "{466ABFAC-06EF-45A7-B460-25CA91FEBAFF}"
EndProject
Project("{FAE04EC0-301F-11D3-BF4B-00C04F79EFBC}") = "Mtable", "Mtable\Mtable.csproj", "{861D3276-6271-4E4C-88D9-62F14E9633B3}"
EndProject
Project("{FAE04EC0-301F-11D3-BF4B-00C04F79EFBC}") = "Mtable2", "Mtable2\Mtable2.csproj", "{B02452BB-B47F-49FF-9F57-CD41024B8095}"
EndProject
Project("{FAE04EC0-301F-11D3-BF4B-00C04F79EFBC}") = "KoPapirOllo", "KoPapirOllo\KoPapirOllo.csproj", "{52066F0C-AD51-4CB9-A22E-C891843B3458}"
EndProject
Project("{FAE04EC0-301F-11D3-BF4B-00C04F79EFBC}") = "SzamKitalalo", "SzamKitalalo\SzamKitalalo.csproj", "{900D509B-137C-4AD6-AB65-6BA70F02909E}"
EndProject
Project("{FAE04EC0-301F-11D3-BF4B-00C04F79EFBC}") = "MinMax", "MinMax\MinMax.csproj", "{A0A57DEE-5983-4A44-AF17-71D1D0C61536}"
EndProject
Project("{FAE04EC0-301F-11D3-BF4B-00C04F79EFBC}") = "Sziget", "Sziget\Sziget.csproj", "{9443E039-3C77-44FE-B85C-23FE67DE91B9}"
EndProject
Project("{FAE04EC0-301F-11D3-BF4B-00C04F79EFBC}") = "Atlaghomerseklet", "Atlaghomerseklet\Atlaghomerseklet.csproj", "{40C3B52B-81A2-42A6-B168-9B022B47DAF2}"
EndProject
Project("{FAE04EC0-301F-11D3-BF4B-00C04F79EFBC}") = "Dolgozat_feladat1", "Dolgozat_feladat1\Dolgozat_feladat1.csproj", "{069E7BBB-DA4F-4B2A-B194-0E688B79438B}"
EndProject
Project("{FAE04EC0-301F-11D3-BF4B-00C04F79EFBC}") = "Dolgozat_feladat2", "Dolgozat_feladat2\Dolgozat_feladat2.csproj", "{3874197E-D123-44E4-8E16-E94FBE76D9A0}"
EndProject
Project("{FAE04EC0-301F-11D3-BF4B-00C04F79EFBC}") = "Dolgozat_feladat3", "Dolgozat_feladat3\Dolgozat_feladat3.csproj", "{79E28BD2-B45B-441E-9144-6EC0219768EC}"
EndProject
Project("{FAE04EC0-301F-11D3-BF4B-00C04F79EFBC}") = "Dolgozat_feladat4", "Dolgozat_feladat4\Dolgozat_feladat4.csproj", "{9FAFBBE4-03CA-4ACA-85AA-489CA11F25E1}"
EndProject
Project("{FAE04EC0-301F-11D3-BF4B-00C04F79EFBC}") = "Testomegindex", "Testomegindex\Testomegindex.csproj", "{F50691F4-429B-466E-9006-B186E4289F93}"
EndProject
Project("{FAE04EC0-301F-11D3-BF4B-00C04F79EFBC}") = "Osztályok", "Osztályok\Osztályok.csproj", "{F87993D2-B3C5-4BCE-89EA-A079934283C5}"
EndProject
Project("{FAE04EC0-301F-11D3-BF4B-00C04F79EFBC}") = "Kör", "Kör\Kör.csproj", "{2A8B6630-9D24-4D0C-A7D1-9D00BB565204}"
EndProject
Project("{FAE04EC0-301F-11D3-BF4B-00C04F79EFBC}") = "Vektor", "Vektor\Vektor.csproj", "{0178E252-3D5B-405C-B6AA-D88AAE70C2B2}"
EndProject
Project("{FAE04EC0-301F-11D3-BF4B-00C04F79EFBC}") = "Dinnye", "Dinnye\Dinnye.csproj", "{10869990-F3A0-4190-9F6B-D54D8390670A}"
EndProject
Project("{FAE04EC0-301F-11D3-BF4B-00C04F79EFBC}") = "Szamkiiratas", "Szamkiiratas\Szamkiiratas.csproj", "{EA43C590-DEA8-4484-811C-4B65D3E61ABE}"
EndProject
Project("{FAE04EC0-301F-11D3-BF4B-00C04F79EFBC}") = "Ponthatar", "Ponthatar\Ponthatar.csproj", "{E477CE6A-D357-44DB-83F6-35EAC989F262}"
EndProject
Project("{FAE04EC0-301F-11D3-BF4B-00C04F79EFBC}") = "csempe", "csempe\csempe.csproj", "{5B8033AF-E062-4AB7-A39E-E425D67AAC47}"
EndProject
Project("{FAE04EC0-301F-11D3-BF4B-00C04F79EFBC}") = "Halmazok", "Halmazok\Halmazok.csproj", "{7554FD2F-C38E-4827-A3B5-9C74AE69F12D}"
EndProject
Global
	GlobalSection(SolutionConfigurationPlatforms) = preSolution
		Debug|Any CPU = Debug|Any CPU
		Release|Any CPU = Release|Any CPU
	EndGlobalSection
	GlobalSection(ProjectConfigurationPlatforms) = postSolution
		{DD81FA27-EC25-4229-88F2-79BC98ABAACE}.Debug|Any CPU.ActiveCfg = Debug|Any CPU
		{DD81FA27-EC25-4229-88F2-79BC98ABAACE}.Debug|Any CPU.Build.0 = Debug|Any CPU
		{DD81FA27-EC25-4229-88F2-79BC98ABAACE}.Release|Any CPU.ActiveCfg = Release|Any CPU
		{DD81FA27-EC25-4229-88F2-79BC98ABAACE}.Release|Any CPU.Build.0 = Release|Any CPU
		{466ABFAC-06EF-45A7-B460-25CA91FEBAFF}.Debug|Any CPU.ActiveCfg = Debug|Any CPU
		{466ABFAC-06EF-45A7-B460-25CA91FEBAFF}.Debug|Any CPU.Build.0 = Debug|Any CPU
		{466ABFAC-06EF-45A7-B460-25CA91FEBAFF}.Release|Any CPU.ActiveCfg = Release|Any CPU
		{466ABFAC-06EF-45A7-B460-25CA91FEBAFF}.Release|Any CPU.Build.0 = Release|Any CPU
		{861D3276-6271-4E4C-88D9-62F14E9633B3}.Debug|Any CPU.ActiveCfg = Debug|Any CPU
		{861D3276-6271-4E4C-88D9-62F14E9633B3}.Debug|Any CPU.Build.0 = Debug|Any CPU
		{861D3276-6271-4E4C-88D9-62F14E9633B3}.Release|Any CPU.ActiveCfg = Release|Any CPU
		{861D3276-6271-4E4C-88D9-62F14E9633B3}.Release|Any CPU.Build.0 = Release|Any CPU
		{B02452BB-B47F-49FF-9F57-CD41024B8095}.Debug|Any CPU.ActiveCfg = Debug|Any CPU
		{B02452BB-B47F-49FF-9F57-CD41024B8095}.Debug|Any CPU.Build.0 = Debug|Any CPU
		{B02452BB-B47F-49FF-9F57-CD41024B8095}.Release|Any CPU.ActiveCfg = Release|Any CPU
		{B02452BB-B47F-49FF-9F57-CD41024B8095}.Release|Any CPU.Build.0 = Release|Any CPU
		{52066F0C-AD51-4CB9-A22E-C891843B3458}.Debug|Any CPU.ActiveCfg = Debug|Any CPU
		{52066F0C-AD51-4CB9-A22E-C891843B3458}.Debug|Any CPU.Build.0 = Debug|Any CPU
		{52066F0C-AD51-4CB9-A22E-C891843B3458}.Release|Any CPU.ActiveCfg = Release|Any CPU
		{52066F0C-AD51-4CB9-A22E-C891843B3458}.Release|Any CPU.Build.0 = Release|Any CPU
		{900D509B-137C-4AD6-AB65-6BA70F02909E}.Debug|Any CPU.ActiveCfg = Debug|Any CPU
		{900D509B-137C-4AD6-AB65-6BA70F02909E}.Debug|Any CPU.Build.0 = Debug|Any CPU
		{900D509B-137C-4AD6-AB65-6BA70F02909E}.Release|Any CPU.ActiveCfg = Release|Any CPU
		{900D509B-137C-4AD6-AB65-6BA70F02909E}.Release|Any CPU.Build.0 = Release|Any CPU
		{A0A57DEE-5983-4A44-AF17-71D1D0C61536}.Debug|Any CPU.ActiveCfg = Debug|Any CPU
		{A0A57DEE-5983-4A44-AF17-71D1D0C61536}.Debug|Any CPU.Build.0 = Debug|Any CPU
		{A0A57DEE-5983-4A44-AF17-71D1D0C61536}.Release|Any CPU.ActiveCfg = Release|Any CPU
		{A0A57DEE-5983-4A44-AF17-71D1D0C61536}.Release|Any CPU.Build.0 = Release|Any CPU
		{9443E039-3C77-44FE-B85C-23FE67DE91B9}.Debug|Any CPU.ActiveCfg = Debug|Any CPU
		{9443E039-3C77-44FE-B85C-23FE67DE91B9}.Debug|Any CPU.Build.0 = Debug|Any CPU
		{9443E039-3C77-44FE-B85C-23FE67DE91B9}.Release|Any CPU.ActiveCfg = Release|Any CPU
		{9443E039-3C77-44FE-B85C-23FE67DE91B9}.Release|Any CPU.Build.0 = Release|Any CPU
		{40C3B52B-81A2-42A6-B168-9B022B47DAF2}.Debug|Any CPU.ActiveCfg = Debug|Any CPU
		{40C3B52B-81A2-42A6-B168-9B022B47DAF2}.Debug|Any CPU.Build.0 = Debug|Any CPU
		{40C3B52B-81A2-42A6-B168-9B022B47DAF2}.Release|Any CPU.ActiveCfg = Release|Any CPU
		{40C3B52B-81A2-42A6-B168-9B022B47DAF2}.Release|Any CPU.Build.0 = Release|Any CPU
		{069E7BBB-DA4F-4B2A-B194-0E688B79438B}.Debug|Any CPU.ActiveCfg = Debug|Any CPU
		{069E7BBB-DA4F-4B2A-B194-0E688B79438B}.Debug|Any CPU.Build.0 = Debug|Any CPU
		{069E7BBB-DA4F-4B2A-B194-0E688B79438B}.Release|Any CPU.ActiveCfg = Release|Any CPU
		{069E7BBB-DA4F-4B2A-B194-0E688B79438B}.Release|Any CPU.Build.0 = Release|Any CPU
		{3874197E-D123-44E4-8E16-E94FBE76D9A0}.Debug|Any CPU.ActiveCfg = Debug|Any CPU
		{3874197E-D123-44E4-8E16-E94FBE76D9A0}.Debug|Any CPU.Build.0 = Debug|Any CPU
		{3874197E-D123-44E4-8E16-E94FBE76D9A0}.Release|Any CPU.ActiveCfg = Release|Any CPU
		{3874197E-D123-44E4-8E16-E94FBE76D9A0}.Release|Any CPU.Build.0 = Release|Any CPU
		{79E28BD2-B45B-441E-9144-6EC0219768EC}.Debug|Any CPU.ActiveCfg = Debug|Any CPU
		{79E28BD2-B45B-441E-9144-6EC0219768EC}.Debug|Any CPU.Build.0 = Debug|Any CPU
		{79E28BD2-B45B-441E-9144-6EC0219768EC}.Release|Any CPU.ActiveCfg = Release|Any CPU
		{79E28BD2-B45B-441E-9144-6EC0219768EC}.Release|Any CPU.Build.0 = Release|Any CPU
		{9FAFBBE4-03CA-4ACA-85AA-489CA11F25E1}.Debug|Any CPU.ActiveCfg = Debug|Any CPU
		{9FAFBBE4-03CA-4ACA-85AA-489CA11F25E1}.Debug|Any CPU.Build.0 = Debug|Any CPU
		{9FAFBBE4-03CA-4ACA-85AA-489CA11F25E1}.Release|Any CPU.ActiveCfg = Release|Any CPU
		{9FAFBBE4-03CA-4ACA-85AA-489CA11F25E1}.Release|Any CPU.Build.0 = Release|Any CPU
		{F50691F4-429B-466E-9006-B186E4289F93}.Debug|Any CPU.ActiveCfg = Debug|Any CPU
		{F50691F4-429B-466E-9006-B186E4289F93}.Debug|Any CPU.Build.0 = Debug|Any CPU
		{F50691F4-429B-466E-9006-B186E4289F93}.Release|Any CPU.ActiveCfg = Release|Any CPU
		{F50691F4-429B-466E-9006-B186E4289F93}.Release|Any CPU.Build.0 = Release|Any CPU
		{F87993D2-B3C5-4BCE-89EA-A079934283C5}.Debug|Any CPU.ActiveCfg = Debug|Any CPU
		{F87993D2-B3C5-4BCE-89EA-A079934283C5}.Debug|Any CPU.Build.0 = Debug|Any CPU
		{F87993D2-B3C5-4BCE-89EA-A079934283C5}.Release|Any CPU.ActiveCfg = Release|Any CPU
		{F87993D2-B3C5-4BCE-89EA-A079934283C5}.Release|Any CPU.Build.0 = Release|Any CPU
		{2A8B6630-9D24-4D0C-A7D1-9D00BB565204}.Debug|Any CPU.ActiveCfg = Debug|Any CPU
		{2A8B6630-9D24-4D0C-A7D1-9D00BB565204}.Debug|Any CPU.Build.0 = Debug|Any CPU
		{2A8B6630-9D24-4D0C-A7D1-9D00BB565204}.Release|Any CPU.ActiveCfg = Release|Any CPU
		{2A8B6630-9D24-4D0C-A7D1-9D00BB565204}.Release|Any CPU.Build.0 = Release|Any CPU
		{0178E252-3D5B-405C-B6AA-D88AAE70C2B2}.Debug|Any CPU.ActiveCfg = Debug|Any CPU
		{0178E252-3D5B-405C-B6AA-D88AAE70C2B2}.Debug|Any CPU.Build.0 = Debug|Any CPU
		{0178E252-3D5B-405C-B6AA-D88AAE70C2B2}.Release|Any CPU.ActiveCfg = Release|Any CPU
		{0178E252-3D5B-405C-B6AA-D88AAE70C2B2}.Release|Any CPU.Build.0 = Release|Any CPU
		{10869990-F3A0-4190-9F6B-D54D8390670A}.Debug|Any CPU.ActiveCfg = Debug|Any CPU
		{10869990-F3A0-4190-9F6B-D54D8390670A}.Debug|Any CPU.Build.0 = Debug|Any CPU
		{10869990-F3A0-4190-9F6B-D54D8390670A}.Release|Any CPU.ActiveCfg = Release|Any CPU
		{10869990-F3A0-4190-9F6B-D54D8390670A}.Release|Any CPU.Build.0 = Release|Any CPU
		{EA43C590-DEA8-4484-811C-4B65D3E61ABE}.Debug|Any CPU.ActiveCfg = Debug|Any CPU
		{EA43C590-DEA8-4484-811C-4B65D3E61ABE}.Debug|Any CPU.Build.0 = Debug|Any CPU
		{EA43C590-DEA8-4484-811C-4B65D3E61ABE}.Release|Any CPU.ActiveCfg = Release|Any CPU
		{EA43C590-DEA8-4484-811C-4B65D3E61ABE}.Release|Any CPU.Build.0 = Release|Any CPU
		{E477CE6A-D357-44DB-83F6-35EAC989F262}.Debug|Any CPU.ActiveCfg = Debug|Any CPU
		{E477CE6A-D357-44DB-83F6-35EAC989F262}.Debug|Any CPU.Build.0 = Debug|Any CPU
		{E477CE6A-D357-44DB-83F6-35EAC989F262}.Release|Any CPU.ActiveCfg = Release|Any CPU
		{E477CE6A-D357-44DB-83F6-35EAC989F262}.Release|Any CPU.Build.0 = Release|Any CPU
		{5B8033AF-E062-4AB7-A39E-E425D67AAC47}.Debug|Any CPU.ActiveCfg = Debug|Any CPU
		{5B8033AF-E062-4AB7-A39E-E425D67AAC47}.Debug|Any CPU.Build.0 = Debug|Any CPU
		{5B8033AF-E062-4AB7-A39E-E425D67AAC47}.Release|Any CPU.ActiveCfg = Release|Any CPU
		{5B8033AF-E062-4AB7-A39E-E425D67AAC47}.Release|Any CPU.Build.0 = Release|Any CPU
		{7554FD2F-C38E-4827-A3B5-9C74AE69F12D}.Debug|Any CPU.ActiveCfg = Debug|Any CPU
		{7554FD2F-C38E-4827-A3B5-9C74AE69F12D}.Debug|Any CPU.Build.0 = Debug|Any CPU
		{7554FD2F-C38E-4827-A3B5-9C74AE69F12D}.Release|Any CPU.ActiveCfg = Release|Any CPU
		{7554FD2F-C38E-4827-A3B5-9C74AE69F12D}.Release|Any CPU.Build.0 = Release|Any CPU
	EndGlobalSection
	GlobalSection(SolutionProperties) = preSolution
		HideSolutionNode = FALSE
	EndGlobalSection
	GlobalSection(ExtensibilityGlobals) = postSolution
		SolutionGuid = {E91F5FFC-E568-4F37-ACA9-451E95BBA32D}
	EndGlobalSection
EndGlobal
